{
  "name": "track",
  "version": "1.0.0",
  "lockfileVersion": 2,
  "requires": true,
  "packages": {
    "": {
      "name": "track",
      "version": "1.0.0",
      "license": "ISC",
      "dependencies": {
        "location.io": "^0.0.4"
      }
    },
    "node_modules/addTimeout": {
      "version": "0.4.0",
      "resolved": "git+ssh://git@github.com/alexbirkett/addTimeout.git#65cf80ca5f5b624ccdb472a16178248c521a19ec",
      "engines": {
        "node": ">=0.4.0"
      }
    },
    "node_modules/async": {
      "version": "0.1.22",
      "resolved": "https://registry.npmjs.org/async/-/async-0.1.22.tgz",
      "integrity": "sha512-2tEzliJmf5fHNafNwQLJXUasGzQCVctvsNkXmnlELHwypU0p08/rHohYvkqKIjyXpx+0rkrYv6QbhJ+UF4QkBg==",
      "engines": {
        "node": "*"
      }
    },
    "node_modules/async-foreach": {
      "version": "0.1.3",
      "resolved": "https://registry.npmjs.org/async-foreach/-/async-foreach-0.1.3.tgz",
      "integrity": "sha512-VUeSMD8nEGBWaZK4lizI1sf3yEC7pnAQ/mrI7pC2fBz2s/tq5jWWEngTwaf0Gruu/OoXRGLGg1XFqpYBiGTYJA==",
      "engines": {
        "node": "*"
      }
    },
    "node_modules/diff": {
      "version": "1.0.8",
      "resolved": "https://registry.npmjs.org/diff/-/diff-1.0.8.tgz",
      "integrity": "sha512-1zEb73vemXFpUmfh3fsta4YHz3lwebxXvaWmPbFv9apujQBWDnkrPDLXLQs1gZo4RCWMDsT89r0Pf/z8/02TGA==",
      "engines": {
        "node": ">=0.3.1"
      }
    },
    "node_modules/enum": {
      "version": "0.2.7",
      "resolved": "https://registry.npmjs.org/enum/-/enum-0.2.7.tgz",
      "integrity": "sha512-UNUWOTEGdwyUvrYga5OgsOBcJPL+QN2RPRe/WY4OsLTZ1nkMuVdZUBmwwkazTEtmd6eUboM466/XWyTAyv3S8A==",
      "engines": {
        "node": ">=0.6.0"
      }
    },
    "node_modules/eyes": {
      "version": "0.1.8",
      "resolved": "https://registry.npmjs.org/eyes/-/eyes-0.1.8.tgz",
      "integrity": "sha512-GipyPsXO1anza0AOZdy69Im7hGFCNB7Y/NGjDlZGJ3GJJLtwNSb2vrzYrTYJRrRloVx7pl+bhUaTB8yiccPvFQ==",
      "engines": {
        "node": "> 0.1.90"
      }
    },
    "node_modules/hashmap": {
      "version": "0.9.3",
      "resolved": "https://registry.npmjs.org/hashmap/-/hashmap-0.9.3.tgz",
      "integrity": "sha512-U7rFcwV5nXdNxIpIyi8z8XgkRBhni6AU8LXEu8lSOOsTwJ6QSRz7UpElo44ieSKxnn9NCDFS0kyTDvc3Nu4MKg==",
      "engines": {
        "node": "*"
      }
    },
    "node_modules/location.io": {
      "version": "0.0.4",
      "resolved": "https://registry.npmjs.org/location.io/-/location.io-0.0.4.tgz",
      "integrity": "sha512-mzgTmiLL5fLDfK9ct9/EjfGGwVxL1sqXF7XH91mg5TiMIhMztRzcOqGJvEvJvL2scwjK3yU/NSvE5V+aLWMfDg==",
      "dependencies": {
        "addTimeout": "git://github.com/alexbirkett/addTimeout.git#master",
        "async": "0.1.x",
        "async-foreach": "0.1.x",
        "enum": "0.2.x",
        "hashmap": "0.9.x",
        "smarter-buffer": "0.0.x"
      }
    },
    "node_modules/smarter-buffer": {
      "version": "0.0.2",
      "resolved": "https://registry.npmjs.org/smarter-buffer/-/smarter-buffer-0.0.2.tgz",
      "integrity": "sha1-TrtYrWf4dmixaX5iTne8TIYgnn0=",
      "dependencies": {
        "vows": "0.7.x"
      }
    },
    "node_modules/vows": {
      "version": "0.7.0",
      "resolved": "https://registry.npmjs.org/vows/-/vows-0.7.0.tgz",
      "integrity": "sha1-3QBl8RC6DAptY+hEhRwyCBdtWGc=",
      "dependencies": {
        "diff": "~1.0.3",
        "eyes": ">=0.1.6"
      },
      "bin": {
        "vows": "bin/vows"
      }
    }
  },
  "dependencies": {
    "addTimeout": {
      "version": "git+ssh://git@github.com/alexbirkett/addTimeout.git#65cf80ca5f5b624ccdb472a16178248c521a19ec",
      "from": "addTimeout@git://github.com/alexbirkett/addTimeout.git#master"
    },
    "async": {
      "version": "0.1.22",
      "resolved": "https://registry.npmjs.org/async/-/async-0.1.22.tgz",
      "integrity": "sha512-2tEzliJmf5fHNafNwQLJXUasGzQCVctvsNkXmnlELHwypU0p08/rHohYvkqKIjyXpx+0rkrYv6QbhJ+UF4QkBg=="
    },
    "async-foreach": {
      "version": "0.1.3",
      "resolved": "https://registry.npmjs.org/async-foreach/-/async-foreach-0.1.3.tgz",
      "integrity": "sha512-VUeSMD8nEGBWaZK4lizI1sf3yEC7pnAQ/mrI7pC2fBz2s/tq5jWWEngTwaf0Gruu/OoXRGLGg1XFqpYBiGTYJA=="
    },
    "diff": {
      "version": "1.0.8",
      "resolved": "https://registry.npmjs.org/diff/-/diff-1.0.8.tgz",
      "integrity": "sha512-1zEb73vemXFpUmfh3fsta4YHz3lwebxXvaWmPbFv9apujQBWDnkrPDLXLQs1gZo4RCWMDsT89r0Pf/z8/02TGA=="
    },
    "enum": {
      "version": "0.2.7",
      "resolved": "https://registry.npmjs.org/enum/-/enum-0.2.7.tgz",
      "integrity": "sha512-UNUWOTEGdwyUvrYga5OgsOBcJPL+QN2RPRe/WY4OsLTZ1nkMuVdZUBmwwkazTEtmd6eUboM466/XWyTAyv3S8A=="
    },
    "eyes": {
      "version": "0.1.8",
      "resolved": "https://registry.npmjs.org/eyes/-/eyes-0.1.8.tgz",
      "integrity": "sha512-GipyPsXO1anza0AOZdy69Im7hGFCNB7Y/NGjDlZGJ3GJJLtwNSb2vrzYrTYJRrRloVx7pl+bhUaTB8yiccPvFQ=="
    },
    "hashmap": {
      "version": "0.9.3",
      "resolved": "https://registry.npmjs.org/hashmap/-/hashmap-0.9.3.tgz",
      "integrity": "sha512-U7rFcwV5nXdNxIpIyi8z8XgkRBhni6AU8LXEu8lSOOsTwJ6QSRz7UpElo44ieSKxnn9NCDFS0kyTDvc3Nu4MKg=="
    },
    "location.io": {
      "version": "0.0.4",
      "resolved": "https://registry.npmjs.org/location.io/-/location.io-0.0.4.tgz",
      "integrity": "sha512-mzgTmiLL5fLDfK9ct9/EjfGGwVxL1sqXF7XH91mg5TiMIhMztRzcOqGJvEvJvL2scwjK3yU/NSvE5V+aLWMfDg==",
      "requires": {
        "addTimeout": "git://github.com/alexbirkett/addTimeout.git#master",
        "async": "0.1.x",
        "async-foreach": "0.1.x",
        "enum": "0.2.x",
        "hashmap": "0.9.x",
        "smarter-buffer": "0.0.x"
      }
    },
    "smarter-buffer": {
      "version": "0.0.2",
      "resolved": "https://registry.npmjs.org/smarter-buffer/-/smarter-buffer-0.0.2.tgz",
      "integrity": "sha1-TrtYrWf4dmixaX5iTne8TIYgnn0=",
      "requires": {
        "vows": "0.7.x"
      }
    },
    "vows": {
      "version": "0.7.0",
      "resolved": "https://registry.npmjs.org/vows/-/vows-0.7.0.tgz",
      "integrity": "sha1-3QBl8RC6DAptY+hEhRwyCBdtWGc=",
      "requires": {
        "diff": "~1.0.3",
        "eyes": ">=0.1.6"
      }
    }
  }
}
